
Microsoft Visual Studio Solution File, Format Version 12.00
# Visual Studio Version 17
VisualStudioVersion = 17.1.32228.430
MinimumVisualStudioVersion = 10.0.40219.1
Project("{FAE04EC0-301F-11D3-BF4B-00C04F79EFBC}") = "Bingo", "Bingo\Bingo.csproj", "{763B269B-0FE3-4FDE-850D-279405E6F44F}"
EndProject
Global
	GlobalSection(SolutionConfigurationPlatforms) = preSolution
		Debug|Any CPU = Debug|Any CPU
		Release|Any CPU = Release|Any CPU
	EndGlobalSection
	GlobalSection(ProjectConfigurationPlatforms) = postSolution
		{763B269B-0FE3-4FDE-850D-279405E6F44F}.Debug|Any CPU.ActiveCfg = Debug|Any CPU
		{763B269B-0FE3-4FDE-850D-279405E6F44F}.Debug|Any CPU.Build.0 = Debug|Any CPU
		{763B269B-0FE3-4FDE-850D-279405E6F44F}.Release|Any CPU.ActiveCfg = Release|Any CPU
		{763B269B-0FE3-4FDE-850D-279405E6F44F}.Release|Any CPU.Build.0 = Release|Any CPU
	EndGlobalSection
	GlobalSection(SolutionProperties) = preSolution
		HideSolutionNode = FALSE
	EndGlobalSection
	GlobalSection(ExtensibilityGlobals) = postSolution
		SolutionGuid = {069A1607-1F53-4F26-8F2B-B77488B92910}
	EndGlobalSection
EndGlobal
